
Microsoft Visual Studio Solution File, Format Version 12.00
Project("{FAE04EC0-301F-11D3-BF4B-00C04F79EFBC}") = "Jubo-api", "Jubo-api\Jubo-api.csproj", "{D82D3C08-4CE6-468A-8E38-98BB3014158B}"
EndProject
Global
	GlobalSection(SolutionConfigurationPlatforms) = preSolution
		Debug|Any CPU = Debug|Any CPU
		Release|Any CPU = Release|Any CPU
	EndGlobalSection
	GlobalSection(ProjectConfigurationPlatforms) = postSolution
		{D82D3C08-4CE6-468A-8E38-98BB3014158B}.Debug|Any CPU.ActiveCfg = Debug|Any CPU
		{D82D3C08-4CE6-468A-8E38-98BB3014158B}.Debug|Any CPU.Build.0 = Debug|Any CPU
		{D82D3C08-4CE6-468A-8E38-98BB3014158B}.Release|Any CPU.ActiveCfg = Release|Any CPU
		{D82D3C08-4CE6-468A-8E38-98BB3014158B}.Release|Any CPU.Build.0 = Release|Any CPU
	EndGlobalSection
EndGlobal
